// !$*UTF8*$!
{
	archiveVersion = 1;
	classes = {
	};
	objectVersion = 56;
	objects = {

/* Begin PBXBuildFile section */
		FC035ED82D0AC256008537AD /* CityDetailView.swift in Sources */ = {isa = PBXBuildFile; fileRef = FC035ED72D0AC256008537AD /* CityDetailView.swift */; };
		FC035EDB2D0AD431008537AD /* WeatherTabView.swift in Sources */ = {isa = PBXBuildFile; fileRef = FC035EDA2D0AD431008537AD /* WeatherTabView.swift */; };
		FC035EDD2D0ADA1E008537AD /* TodayWeatherView.swift in Sources */ = {isa = PBXBuildFile; fileRef = FC035EDC2D0ADA1E008537AD /* TodayWeatherView.swift */; };
		FC035EDF2D0B4D89008537AD /* WeatherCodeMapper.swift in Sources */ = {isa = PBXBuildFile; fileRef = FC035EDE2D0B4D89008537AD /* WeatherCodeMapper.swift */; };
		FC035EE12D0B4DCB008537AD /* weatherCode.json in Resources */ = {isa = PBXBuildFile; fileRef = FC035EE02D0B4DCB008537AD /* weatherCode.json */; };
		FC035EE42D0B530E008537AD /* WeeklyChartView.swift in Sources */ = {isa = PBXBuildFile; fileRef = FC035EE32D0B530E008537AD /* WeeklyChartView.swift */; };
		FC035EE72D0B57DC008537AD /* WeeklyChartViewController.swift in Sources */ = {isa = PBXBuildFile; fileRef = FC035EE62D0B57DC008537AD /* WeeklyChartViewController.swift */; };
		FC035EEB2D0B600A008537AD /* WeeklyChartContainer.swift in Sources */ = {isa = PBXBuildFile; fileRef = FC035EEA2D0B600A008537AD /* WeeklyChartContainer.swift */; };
		FC035EED2D0B63D3008537AD /* Highcharts.xcframework in Frameworks */ = {isa = PBXBuildFile; fileRef = FC035EEC2D0B63D3008537AD /* Highcharts.xcframework */; };
		FCA2F6ED2D0729750067EF0F /* WeatherSearchIOSApp.swift in Sources */ = {isa = PBXBuildFile; fileRef = FCA2F6EC2D0729750067EF0F /* WeatherSearchIOSApp.swift */; };
		FCA2F6EF2D0729750067EF0F /* ContentView.swift in Sources */ = {isa = PBXBuildFile; fileRef = FCA2F6EE2D0729750067EF0F /* ContentView.swift */; };
		FCA2F6F12D0729750067EF0F /* Assets.xcassets in Resources */ = {isa = PBXBuildFile; fileRef = FCA2F6F02D0729750067EF0F /* Assets.xcassets */; };
		FCA2F6F42D0729750067EF0F /* Preview Assets.xcassets in Resources */ = {isa = PBXBuildFile; fileRef = FCA2F6F32D0729750067EF0F /* Preview Assets.xcassets */; };
		FCA2F70A2D072AD90067EF0F /* NetworkManager.swift in Sources */ = {isa = PBXBuildFile; fileRef = FCA2F7092D072AD90067EF0F /* NetworkManager.swift */; };
		FCA2F70F2D072B660067EF0F /* WeatherModels.swift in Sources */ = {isa = PBXBuildFile; fileRef = FCA2F70E2D072B660067EF0F /* WeatherModels.swift */; };
		FCA2F7182D07CBBF0067EF0F /* SearchBarView.swift in Sources */ = {isa = PBXBuildFile; fileRef = FCA2F7172D07CBBF0067EF0F /* SearchBarView.swift */; };
		FCA2F71A2D07E9300067EF0F /* WeatherSummaryView.swift in Sources */ = {isa = PBXBuildFile; fileRef = FCA2F7192D07E9300067EF0F /* WeatherSummaryView.swift */; };
		FCA2F71C2D07EDEF0067EF0F /* WeatherDetailsView.swift in Sources */ = {isa = PBXBuildFile; fileRef = FCA2F71B2D07EDEF0067EF0F /* WeatherDetailsView.swift */; };
		FCA2F71E2D07FF4A0067EF0F /* WeatherView.swift in Sources */ = {isa = PBXBuildFile; fileRef = FCA2F71D2D07FF4A0067EF0F /* WeatherView.swift */; };
		FCAA2A6E2D094F7900AE754E /* WeeklyWeatherView.swift in Sources */ = {isa = PBXBuildFile; fileRef = FCAA2A6D2D094F7900AE754E /* WeeklyWeatherView.swift */; };
		FCAA2A712D095D4F00AE754E /* WeatherViewModel.swift in Sources */ = {isa = PBXBuildFile; fileRef = FCAA2A702D095D4F00AE754E /* WeatherViewModel.swift */; };
		FCAA2A732D09703500AE754E /* LocationManager.swift in Sources */ = {isa = PBXBuildFile; fileRef = FCAA2A722D09703500AE754E /* LocationManager.swift */; };
		FCAA2A752D09763500AE754E /* AutoCompleteModels.swift in Sources */ = {isa = PBXBuildFile; fileRef = FCAA2A742D09763500AE754E /* AutoCompleteModels.swift */; };
		FCAA2A772D0976C300AE754E /* AutoCompleteViewModel.swift in Sources */ = {isa = PBXBuildFile; fileRef = FCAA2A762D0976C300AE754E /* AutoCompleteViewModel.swift */; };
		FCAA2A792D09771F00AE754E /* SearchBarController.swift in Sources */ = {isa = PBXBuildFile; fileRef = FCAA2A782D09771F00AE754E /* SearchBarController.swift */; };
		FCAA2A7B2D0978B000AE754E /* GeocodingController.swift in Sources */ = {isa = PBXBuildFile; fileRef = FCAA2A7A2D0978B000AE754E /* GeocodingController.swift */; };
		FCAA2A7E2D0A973B00AE754E /* SuggestionsDropdownView.swift in Sources */ = {isa = PBXBuildFile; fileRef = FCAA2A7D2D0A973B00AE754E /* SuggestionsDropdownView.swift */; };
		FCAA2A802D0A9A0900AE754E /* SearchView.swift in Sources */ = {isa = PBXBuildFile; fileRef = FCAA2A7F2D0A9A0900AE754E /* SearchView.swift */; };
		FCEF2EC92D0B98770088C1B5 /* Alamofire in Frameworks */ = {isa = PBXBuildFile; productRef = FCEF2EC82D0B98770088C1B5 /* Alamofire */; };
		FCEF2ECB2D0B98770088C1B5 /* AlamofireDynamic in Frameworks */ = {isa = PBXBuildFile; productRef = FCEF2ECA2D0B98770088C1B5 /* AlamofireDynamic */; };
		FCEF2ECE2D0B98830088C1B5 /* SwiftSpinner in Frameworks */ = {isa = PBXBuildFile; productRef = FCEF2ECD2D0B98830088C1B5 /* SwiftSpinner */; };
		FCEF2ED12D0B988F0088C1B5 /* Toast in Frameworks */ = {isa = PBXBuildFile; productRef = FCEF2ED02D0B988F0088C1B5 /* Toast */; };
		FCEF2ED42D0B98960088C1B5 /* SwiftyJSON in Frameworks */ = {isa = PBXBuildFile; productRef = FCEF2ED32D0B98960088C1B5 /* SwiftyJSON */; };
/* End PBXBuildFile section */

/* Begin PBXFileReference section */
		FC035ED72D0AC256008537AD /* CityDetailView.swift */ = {isa = PBXFileReference; lastKnownFileType = sourcecode.swift; path = CityDetailView.swift; sourceTree = "<group>"; };
		FC035EDA2D0AD431008537AD /* WeatherTabView.swift */ = {isa = PBXFileReference; lastKnownFileType = sourcecode.swift; path = WeatherTabView.swift; sourceTree = "<group>"; };
		FC035EDC2D0ADA1E008537AD /* TodayWeatherView.swift */ = {isa = PBXFileReference; lastKnownFileType = sourcecode.swift; path = TodayWeatherView.swift; sourceTree = "<group>"; };
		FC035EDE2D0B4D89008537AD /* WeatherCodeMapper.swift */ = {isa = PBXFileReference; lastKnownFileType = sourcecode.swift; path = WeatherCodeMapper.swift; sourceTree = "<group>"; };
		FC035EE02D0B4DCB008537AD /* weatherCode.json */ = {isa = PBXFileReference; lastKnownFileType = text.json; path = weatherCode.json; sourceTree = "<group>"; };
		FC035EE32D0B530E008537AD /* WeeklyChartView.swift */ = {isa = PBXFileReference; lastKnownFileType = sourcecode.swift; path = WeeklyChartView.swift; sourceTree = "<group>"; };
		FC035EE62D0B57DC008537AD /* WeeklyChartViewController.swift */ = {isa = PBXFileReference; lastKnownFileType = sourcecode.swift; path = WeeklyChartViewController.swift; sourceTree = "<group>"; };
		FC035EEA2D0B600A008537AD /* WeeklyChartContainer.swift */ = {isa = PBXFileReference; lastKnownFileType = sourcecode.swift; path = WeeklyChartContainer.swift; sourceTree = "<group>"; };
		FC035EEC2D0B63D3008537AD /* Highcharts.xcframework */ = {isa = PBXFileReference; lastKnownFileType = wrapper.xcframework; path = Highcharts.xcframework; sourceTree = "<group>"; };
		FC2267412D0AAA7500A049CC /* WeatherSearchIOS.xctestplan */ = {isa = PBXFileReference; lastKnownFileType = text; path = WeatherSearchIOS.xctestplan; sourceTree = "<group>"; };
		FCA2F6E92D0729750067EF0F /* WeatherSearchIOS.app */ = {isa = PBXFileReference; explicitFileType = wrapper.application; includeInIndex = 0; path = WeatherSearchIOS.app; sourceTree = BUILT_PRODUCTS_DIR; };
		FCA2F6EC2D0729750067EF0F /* WeatherSearchIOSApp.swift */ = {isa = PBXFileReference; lastKnownFileType = sourcecode.swift; path = WeatherSearchIOSApp.swift; sourceTree = "<group>"; };
		FCA2F6EE2D0729750067EF0F /* ContentView.swift */ = {isa = PBXFileReference; lastKnownFileType = sourcecode.swift; path = ContentView.swift; sourceTree = "<group>"; };
		FCA2F6F02D0729750067EF0F /* Assets.xcassets */ = {isa = PBXFileReference; lastKnownFileType = folder.assetcatalog; path = Assets.xcassets; sourceTree = "<group>"; };
		FCA2F6F32D0729750067EF0F /* Preview Assets.xcassets */ = {isa = PBXFileReference; lastKnownFileType = folder.assetcatalog; path = "Preview Assets.xcassets"; sourceTree = "<group>"; };
		FCA2F7092D072AD90067EF0F /* NetworkManager.swift */ = {isa = PBXFileReference; lastKnownFileType = sourcecode.swift; path = NetworkManager.swift; sourceTree = "<group>"; };
		FCA2F70E2D072B660067EF0F /* WeatherModels.swift */ = {isa = PBXFileReference; lastKnownFileType = sourcecode.swift; path = WeatherModels.swift; sourceTree = "<group>"; };
		FCA2F7172D07CBBF0067EF0F /* SearchBarView.swift */ = {isa = PBXFileReference; lastKnownFileType = sourcecode.swift; path = SearchBarView.swift; sourceTree = "<group>"; };
		FCA2F7192D07E9300067EF0F /* WeatherSummaryView.swift */ = {isa = PBXFileReference; lastKnownFileType = sourcecode.swift; path = WeatherSummaryView.swift; sourceTree = "<group>"; };
		FCA2F71B2D07EDEF0067EF0F /* WeatherDetailsView.swift */ = {isa = PBXFileReference; lastKnownFileType = sourcecode.swift; path = WeatherDetailsView.swift; sourceTree = "<group>"; };
		FCA2F71D2D07FF4A0067EF0F /* WeatherView.swift */ = {isa = PBXFileReference; lastKnownFileType = sourcecode.swift; path = WeatherView.swift; sourceTree = "<group>"; };
		FCAA2A6D2D094F7900AE754E /* WeeklyWeatherView.swift */ = {isa = PBXFileReference; lastKnownFileType = sourcecode.swift; path = WeeklyWeatherView.swift; sourceTree = "<group>"; };
		FCAA2A702D095D4F00AE754E /* WeatherViewModel.swift */ = {isa = PBXFileReference; lastKnownFileType = sourcecode.swift; path = WeatherViewModel.swift; sourceTree = "<group>"; };
		FCAA2A722D09703500AE754E /* LocationManager.swift */ = {isa = PBXFileReference; lastKnownFileType = sourcecode.swift; path = LocationManager.swift; sourceTree = "<group>"; };
		FCAA2A742D09763500AE754E /* AutoCompleteModels.swift */ = {isa = PBXFileReference; lastKnownFileType = sourcecode.swift; path = AutoCompleteModels.swift; sourceTree = "<group>"; };
		FCAA2A762D0976C300AE754E /* AutoCompleteViewModel.swift */ = {isa = PBXFileReference; lastKnownFileType = sourcecode.swift; path = AutoCompleteViewModel.swift; sourceTree = "<group>"; };
		FCAA2A782D09771F00AE754E /* SearchBarController.swift */ = {isa = PBXFileReference; lastKnownFileType = sourcecode.swift; path = SearchBarController.swift; sourceTree = "<group>"; };
		FCAA2A7A2D0978B000AE754E /* GeocodingController.swift */ = {isa = PBXFileReference; lastKnownFileType = sourcecode.swift; path = GeocodingController.swift; sourceTree = "<group>"; };
		FCAA2A7D2D0A973B00AE754E /* SuggestionsDropdownView.swift */ = {isa = PBXFileReference; lastKnownFileType = sourcecode.swift; path = SuggestionsDropdownView.swift; sourceTree = "<group>"; };
		FCAA2A7F2D0A9A0900AE754E /* SearchView.swift */ = {isa = PBXFileReference; lastKnownFileType = sourcecode.swift; path = SearchView.swift; sourceTree = "<group>"; };
/* End PBXFileReference section */

/* Begin PBXFrameworksBuildPhase section */
		FCA2F6E62D0729750067EF0F /* Frameworks */ = {
			isa = PBXFrameworksBuildPhase;
			buildActionMask = 2147483647;
			files = (
				FCEF2ED42D0B98960088C1B5 /* SwiftyJSON in Frameworks */,
				FCEF2ECE2D0B98830088C1B5 /* SwiftSpinner in Frameworks */,
				FC035EED2D0B63D3008537AD /* Highcharts.xcframework in Frameworks */,
				FCEF2ECB2D0B98770088C1B5 /* AlamofireDynamic in Frameworks */,
				FCEF2ED12D0B988F0088C1B5 /* Toast in Frameworks */,
				FCEF2EC92D0B98770088C1B5 /* Alamofire in Frameworks */,
			);
			runOnlyForDeploymentPostprocessing = 0;
		};
/* End PBXFrameworksBuildPhase section */

/* Begin PBXGroup section */
		FC035ED92D0AD3C7008537AD /* DetailViews */ = {
			isa = PBXGroup;
			children = (
				FC035EDA2D0AD431008537AD /* WeatherTabView.swift */,
				FC035EDC2D0ADA1E008537AD /* TodayWeatherView.swift */,
				FC035EE32D0B530E008537AD /* WeeklyChartView.swift */,
				FC035EEA2D0B600A008537AD /* WeeklyChartContainer.swift */,
			);
			path = DetailViews;
			sourceTree = "<group>";
		};
		FC035EE52D0B56CD008537AD /* Frameworks */ = {
			isa = PBXGroup;
			children = (
				FC035EEC2D0B63D3008537AD /* Highcharts.xcframework */,
			);
			path = Frameworks;
			sourceTree = "<group>";
		};
		FCA2F6E02D0729750067EF0F = {
			isa = PBXGroup;
			children = (
				FC035EE52D0B56CD008537AD /* Frameworks */,
				FC2267412D0AAA7500A049CC /* WeatherSearchIOS.xctestplan */,
				FCA2F6EB2D0729750067EF0F /* WeatherSearchIOS */,
				FCA2F6EA2D0729750067EF0F /* Products */,
			);
			sourceTree = "<group>";
		};
		FCA2F6EA2D0729750067EF0F /* Products */ = {
			isa = PBXGroup;
			children = (
				FCA2F6E92D0729750067EF0F /* WeatherSearchIOS.app */,
			);
			name = Products;
			sourceTree = "<group>";
		};
		FCA2F6EB2D0729750067EF0F /* WeatherSearchIOS */ = {
			isa = PBXGroup;
			children = (
				FCAA2A6F2D095D3900AE754E /* ViewModels */,
				FCA2F7162D07CB280067EF0F /* Controllers */,
				FCA2F70D2D072B590067EF0F /* Models */,
				FCA2F7082D072AAC0067EF0F /* Views */,
				FCA2F6EC2D0729750067EF0F /* WeatherSearchIOSApp.swift */,
				FCA2F6F02D0729750067EF0F /* Assets.xcassets */,
				FCA2F6F22D0729750067EF0F /* Preview Content */,
			);
			path = WeatherSearchIOS;
			sourceTree = "<group>";
		};
		FCA2F6F22D0729750067EF0F /* Preview Content */ = {
			isa = PBXGroup;
			children = (
				FCA2F6F32D0729750067EF0F /* Preview Assets.xcassets */,
			);
			path = "Preview Content";
			sourceTree = "<group>";
		};
		FCA2F7082D072AAC0067EF0F /* Views */ = {
			isa = PBXGroup;
			children = (
				FC035ED92D0AD3C7008537AD /* DetailViews */,
				FCA2F71F2D07FF510067EF0F /* WeatherViews */,
				FCA2F6EE2D0729750067EF0F /* ContentView.swift */,
				FCA2F71D2D07FF4A0067EF0F /* WeatherView.swift */,
				FC035ED72D0AC256008537AD /* CityDetailView.swift */,
			);
			path = Views;
			sourceTree = "<group>";
		};
		FCA2F70D2D072B590067EF0F /* Models */ = {
			isa = PBXGroup;
			children = (
				FCA2F70E2D072B660067EF0F /* WeatherModels.swift */,
				FCAA2A742D09763500AE754E /* AutoCompleteModels.swift */,
				FC035EDE2D0B4D89008537AD /* WeatherCodeMapper.swift */,
				FC035EE02D0B4DCB008537AD /* weatherCode.json */,
			);
			path = Models;
			sourceTree = "<group>";
		};
		FCA2F7162D07CB280067EF0F /* Controllers */ = {
			isa = PBXGroup;
			children = (
				FCA2F7092D072AD90067EF0F /* NetworkManager.swift */,
				FCAA2A722D09703500AE754E /* LocationManager.swift */,
				FCAA2A782D09771F00AE754E /* SearchBarController.swift */,
				FCAA2A7A2D0978B000AE754E /* GeocodingController.swift */,
				FC035EE62D0B57DC008537AD /* WeeklyChartViewController.swift */,
			);
			path = Controllers;
			sourceTree = "<group>";
		};
		FCA2F71F2D07FF510067EF0F /* WeatherViews */ = {
			isa = PBXGroup;
			children = (
				FCAA2A7C2D0A972700AE754E /* SearchBar */,
				FCA2F7192D07E9300067EF0F /* WeatherSummaryView.swift */,
				FCA2F71B2D07EDEF0067EF0F /* WeatherDetailsView.swift */,
				FCAA2A6D2D094F7900AE754E /* WeeklyWeatherView.swift */,
			);
			path = WeatherViews;
			sourceTree = "<group>";
		};
		FCAA2A6F2D095D3900AE754E /* ViewModels */ = {
			isa = PBXGroup;
			children = (
				FCAA2A702D095D4F00AE754E /* WeatherViewModel.swift */,
				FCAA2A762D0976C300AE754E /* AutoCompleteViewModel.swift */,
			);
			path = ViewModels;
			sourceTree = "<group>";
		};
		FCAA2A7C2D0A972700AE754E /* SearchBar */ = {
			isa = PBXGroup;
			children = (
				FCA2F7172D07CBBF0067EF0F /* SearchBarView.swift */,
				FCAA2A7D2D0A973B00AE754E /* SuggestionsDropdownView.swift */,
				FCAA2A7F2D0A9A0900AE754E /* SearchView.swift */,
			);
			path = SearchBar;
			sourceTree = "<group>";
		};
/* End PBXGroup section */

/* Begin PBXNativeTarget section */
		FCA2F6E82D0729750067EF0F /* WeatherSearchIOS */ = {
			isa = PBXNativeTarget;
			buildConfigurationList = FCA2F6F72D0729750067EF0F /* Build configuration list for PBXNativeTarget "WeatherSearchIOS" */;
			buildPhases = (
				FCA2F6E52D0729750067EF0F /* Sources */,
				FCA2F6E62D0729750067EF0F /* Frameworks */,
				FCA2F6E72D0729750067EF0F /* Resources */,
			);
			buildRules = (
			);
			dependencies = (
			);
			name = WeatherSearchIOS;
			packageProductDependencies = (
				FCEF2EC82D0B98770088C1B5 /* Alamofire */,
				FCEF2ECA2D0B98770088C1B5 /* AlamofireDynamic */,
				FCEF2ECD2D0B98830088C1B5 /* SwiftSpinner */,
				FCEF2ED02D0B988F0088C1B5 /* Toast */,
				FCEF2ED32D0B98960088C1B5 /* SwiftyJSON */,
			);
			productName = WeatherSearchIOS;
			productReference = FCA2F6E92D0729750067EF0F /* WeatherSearchIOS.app */;
			productType = "com.apple.product-type.application";
		};
/* End PBXNativeTarget section */

/* Begin PBXProject section */
		FCA2F6E12D0729750067EF0F /* Project object */ = {
			isa = PBXProject;
			attributes = {
				BuildIndependentTargetsInParallel = 1;
				LastSwiftUpdateCheck = 1510;
				LastUpgradeCheck = 1510;
				TargetAttributes = {
					FCA2F6E82D0729750067EF0F = {
						CreatedOnToolsVersion = 15.1;
					};
				};
			};
			buildConfigurationList = FCA2F6E42D0729750067EF0F /* Build configuration list for PBXProject "WeatherSearchIOS" */;
			compatibilityVersion = "Xcode 14.0";
			developmentRegion = en;
			hasScannedForEncodings = 0;
			knownRegions = (
				en,
				Base,
			);
			mainGroup = FCA2F6E02D0729750067EF0F;
			packageReferences = (
				FCEF2EC72D0B98770088C1B5 /* XCRemoteSwiftPackageReference "Alamofire" */,
				FCEF2ECC2D0B98830088C1B5 /* XCRemoteSwiftPackageReference "SwiftSpinner" */,
				FCEF2ECF2D0B988F0088C1B5 /* XCRemoteSwiftPackageReference "Toast-Swift" */,
				FCEF2ED22D0B98960088C1B5 /* XCRemoteSwiftPackageReference "SwiftyJSON" */,
			);
			productRefGroup = FCA2F6EA2D0729750067EF0F /* Products */;
			projectDirPath = "";
			projectRoot = "";
			targets = (
				FCA2F6E82D0729750067EF0F /* WeatherSearchIOS */,
			);
		};
/* End PBXProject section */

/* Begin PBXResourcesBuildPhase section */
		FCA2F6E72D0729750067EF0F /* Resources */ = {
			isa = PBXResourcesBuildPhase;
			buildActionMask = 2147483647;
			files = (
				FC035EE12D0B4DCB008537AD /* weatherCode.json in Resources */,
				FCA2F6F42D0729750067EF0F /* Preview Assets.xcassets in Resources */,
				FCA2F6F12D0729750067EF0F /* Assets.xcassets in Resources */,
			);
			runOnlyForDeploymentPostprocessing = 0;
		};
/* End PBXResourcesBuildPhase section */

/* Begin PBXSourcesBuildPhase section */
		FCA2F6E52D0729750067EF0F /* Sources */ = {
			isa = PBXSourcesBuildPhase;
			buildActionMask = 2147483647;
			files = (
				FC035EE72D0B57DC008537AD /* WeeklyChartViewController.swift in Sources */,
				FCAA2A6E2D094F7900AE754E /* WeeklyWeatherView.swift in Sources */,
				FC035EDD2D0ADA1E008537AD /* TodayWeatherView.swift in Sources */,
				FCA2F71C2D07EDEF0067EF0F /* WeatherDetailsView.swift in Sources */,
				FCA2F70A2D072AD90067EF0F /* NetworkManager.swift in Sources */,
				FCAA2A732D09703500AE754E /* LocationManager.swift in Sources */,
				FCAA2A712D095D4F00AE754E /* WeatherViewModel.swift in Sources */,
				FCA2F6EF2D0729750067EF0F /* ContentView.swift in Sources */,
				FCAA2A802D0A9A0900AE754E /* SearchView.swift in Sources */,
				FCAA2A7B2D0978B000AE754E /* GeocodingController.swift in Sources */,
				FCAA2A7E2D0A973B00AE754E /* SuggestionsDropdownView.swift in Sources */,
				FCA2F7182D07CBBF0067EF0F /* SearchBarView.swift in Sources */,
				FC035ED82D0AC256008537AD /* CityDetailView.swift in Sources */,
				FCA2F6ED2D0729750067EF0F /* WeatherSearchIOSApp.swift in Sources */,
				FC035EDF2D0B4D89008537AD /* WeatherCodeMapper.swift in Sources */,
				FCAA2A772D0976C300AE754E /* AutoCompleteViewModel.swift in Sources */,
				FCA2F71A2D07E9300067EF0F /* WeatherSummaryView.swift in Sources */,
				FCAA2A752D09763500AE754E /* AutoCompleteModels.swift in Sources */,
				FC035EDB2D0AD431008537AD /* WeatherTabView.swift in Sources */,
				FC035EEB2D0B600A008537AD /* WeeklyChartContainer.swift in Sources */,
				FCAA2A792D09771F00AE754E /* SearchBarController.swift in Sources */,
				FCA2F70F2D072B660067EF0F /* WeatherModels.swift in Sources */,
				FC035EE42D0B530E008537AD /* WeeklyChartView.swift in Sources */,
				FCA2F71E2D07FF4A0067EF0F /* WeatherView.swift in Sources */,
			);
			runOnlyForDeploymentPostprocessing = 0;
		};
/* End PBXSourcesBuildPhase section */

/* Begin XCBuildConfiguration section */
		FCA2F6F52D0729750067EF0F /* Debug */ = {
			isa = XCBuildConfiguration;
			buildSettings = {
				ALWAYS_SEARCH_USER_PATHS = NO;
				ASSETCATALOG_COMPILER_GENERATE_SWIFT_ASSET_SYMBOL_EXTENSIONS = YES;
				CLANG_ANALYZER_NONNULL = YES;
				CLANG_ANALYZER_NUMBER_OBJECT_CONVERSION = YES_AGGRESSIVE;
				CLANG_CXX_LANGUAGE_STANDARD = "gnu++20";
				CLANG_ENABLE_MODULES = YES;
				CLANG_ENABLE_OBJC_ARC = YES;
				CLANG_ENABLE_OBJC_WEAK = YES;
				CLANG_WARN_BLOCK_CAPTURE_AUTORELEASING = YES;
				CLANG_WARN_BOOL_CONVERSION = YES;
				CLANG_WARN_COMMA = YES;
				CLANG_WARN_CONSTANT_CONVERSION = YES;
				CLANG_WARN_DEPRECATED_OBJC_IMPLEMENTATIONS = YES;
				CLANG_WARN_DIRECT_OBJC_ISA_USAGE = YES_ERROR;
				CLANG_WARN_DOCUMENTATION_COMMENTS = YES;
				CLANG_WARN_EMPTY_BODY = YES;
				CLANG_WARN_ENUM_CONVERSION = YES;
				CLANG_WARN_INFINITE_RECURSION = YES;
				CLANG_WARN_INT_CONVERSION = YES;
				CLANG_WARN_NON_LITERAL_NULL_CONVERSION = YES;
				CLANG_WARN_OBJC_IMPLICIT_RETAIN_SELF = YES;
				CLANG_WARN_OBJC_LITERAL_CONVERSION = YES;
				CLANG_WARN_OBJC_ROOT_CLASS = YES_ERROR;
				CLANG_WARN_QUOTED_INCLUDE_IN_FRAMEWORK_HEADER = YES;
				CLANG_WARN_RANGE_LOOP_ANALYSIS = YES;
				CLANG_WARN_STRICT_PROTOTYPES = YES;
				CLANG_WARN_SUSPICIOUS_MOVE = YES;
				CLANG_WARN_UNGUARDED_AVAILABILITY = YES_AGGRESSIVE;
				CLANG_WARN_UNREACHABLE_CODE = YES;
				CLANG_WARN__DUPLICATE_METHOD_MATCH = YES;
				COPY_PHASE_STRIP = NO;
				DEBUG_INFORMATION_FORMAT = dwarf;
				ENABLE_STRICT_OBJC_MSGSEND = YES;
				ENABLE_TESTABILITY = YES;
				ENABLE_USER_SCRIPT_SANDBOXING = YES;
				GCC_C_LANGUAGE_STANDARD = gnu17;
				GCC_DYNAMIC_NO_PIC = NO;
				GCC_NO_COMMON_BLOCKS = YES;
				GCC_OPTIMIZATION_LEVEL = 0;
				GCC_PREPROCESSOR_DEFINITIONS = (
					"DEBUG=1",
					"$(inherited)",
				);
				GCC_WARN_64_TO_32_BIT_CONVERSION = YES;
				GCC_WARN_ABOUT_RETURN_TYPE = YES_ERROR;
				GCC_WARN_UNDECLARED_SELECTOR = YES;
				GCC_WARN_UNINITIALIZED_AUTOS = YES_AGGRESSIVE;
				GCC_WARN_UNUSED_FUNCTION = YES;
				GCC_WARN_UNUSED_VARIABLE = YES;
				IPHONEOS_DEPLOYMENT_TARGET = 16.0;
				LOCALIZATION_PREFERS_STRING_CATALOGS = YES;
				MTL_ENABLE_DEBUG_INFO = INCLUDE_SOURCE;
				MTL_FAST_MATH = YES;
				ONLY_ACTIVE_ARCH = YES;
				SDKROOT = iphoneos;
				SWIFT_ACTIVE_COMPILATION_CONDITIONS = "DEBUG $(inherited)";
				SWIFT_OPTIMIZATION_LEVEL = "-Onone";
			};
			name = Debug;
		};
		FCA2F6F62D0729750067EF0F /* Release */ = {
			isa = XCBuildConfiguration;
			buildSettings = {
				ALWAYS_SEARCH_USER_PATHS = NO;
				ASSETCATALOG_COMPILER_GENERATE_SWIFT_ASSET_SYMBOL_EXTENSIONS = YES;
				CLANG_ANALYZER_NONNULL = YES;
				CLANG_ANALYZER_NUMBER_OBJECT_CONVERSION = YES_AGGRESSIVE;
				CLANG_CXX_LANGUAGE_STANDARD = "gnu++20";
				CLANG_ENABLE_MODULES = YES;
				CLANG_ENABLE_OBJC_ARC = YES;
				CLANG_ENABLE_OBJC_WEAK = YES;
				CLANG_WARN_BLOCK_CAPTURE_AUTORELEASING = YES;
				CLANG_WARN_BOOL_CONVERSION = YES;
				CLANG_WARN_COMMA = YES;
				CLANG_WARN_CONSTANT_CONVERSION = YES;
				CLANG_WARN_DEPRECATED_OBJC_IMPLEMENTATIONS = YES;
				CLANG_WARN_DIRECT_OBJC_ISA_USAGE = YES_ERROR;
				CLANG_WARN_DOCUMENTATION_COMMENTS = YES;
				CLANG_WARN_EMPTY_BODY = YES;
				CLANG_WARN_ENUM_CONVERSION = YES;
				CLANG_WARN_INFINITE_RECURSION = YES;
				CLANG_WARN_INT_CONVERSION = YES;
				CLANG_WARN_NON_LITERAL_NULL_CONVERSION = YES;
				CLANG_WARN_OBJC_IMPLICIT_RETAIN_SELF = YES;
				CLANG_WARN_OBJC_LITERAL_CONVERSION = YES;
				CLANG_WARN_OBJC_ROOT_CLASS = YES_ERROR;
				CLANG_WARN_QUOTED_INCLUDE_IN_FRAMEWORK_HEADER = YES;
				CLANG_WARN_RANGE_LOOP_ANALYSIS = YES;
				CLANG_WARN_STRICT_PROTOTYPES = YES;
				CLANG_WARN_SUSPICIOUS_MOVE = YES;
				CLANG_WARN_UNGUARDED_AVAILABILITY = YES_AGGRESSIVE;
				CLANG_WARN_UNREACHABLE_CODE = YES;
				CLANG_WARN__DUPLICATE_METHOD_MATCH = YES;
				COPY_PHASE_STRIP = NO;
				DEBUG_INFORMATION_FORMAT = "dwarf-with-dsym";
				ENABLE_NS_ASSERTIONS = NO;
				ENABLE_STRICT_OBJC_MSGSEND = YES;
				ENABLE_USER_SCRIPT_SANDBOXING = YES;
				GCC_C_LANGUAGE_STANDARD = gnu17;
				GCC_NO_COMMON_BLOCKS = YES;
				GCC_WARN_64_TO_32_BIT_CONVERSION = YES;
				GCC_WARN_ABOUT_RETURN_TYPE = YES_ERROR;
				GCC_WARN_UNDECLARED_SELECTOR = YES;
				GCC_WARN_UNINITIALIZED_AUTOS = YES_AGGRESSIVE;
				GCC_WARN_UNUSED_FUNCTION = YES;
				GCC_WARN_UNUSED_VARIABLE = YES;
				IPHONEOS_DEPLOYMENT_TARGET = 16.0;
				LOCALIZATION_PREFERS_STRING_CATALOGS = YES;
				MTL_ENABLE_DEBUG_INFO = NO;
				MTL_FAST_MATH = YES;
				SDKROOT = iphoneos;
				SWIFT_COMPILATION_MODE = wholemodule;
				VALIDATE_PRODUCT = YES;
			};
			name = Release;
		};
		FCA2F6F82D0729750067EF0F /* Debug */ = {
			isa = XCBuildConfiguration;
			buildSettings = {
				ASSETCATALOG_COMPILER_APPICON_NAME = AppIcon;
				ASSETCATALOG_COMPILER_GLOBAL_ACCENT_COLOR_NAME = AccentColor;
				CODE_SIGN_STYLE = Automatic;
				CURRENT_PROJECT_VERSION = 1;
				DEVELOPMENT_ASSET_PATHS = "\"WeatherSearchIOS/Preview Content\"";
				ENABLE_PREVIEWS = YES;
				GENERATE_INFOPLIST_FILE = YES;
				INFOPLIST_KEY_UIApplicationSceneManifest_Generation = YES;
				INFOPLIST_KEY_UIApplicationSupportsIndirectInputEvents = YES;
				INFOPLIST_KEY_UILaunchScreen_Generation = YES;
				INFOPLIST_KEY_UISupportedInterfaceOrientations_iPad = "UIInterfaceOrientationPortrait UIInterfaceOrientationPortraitUpsideDown UIInterfaceOrientationLandscapeLeft UIInterfaceOrientationLandscapeRight";
				INFOPLIST_KEY_UISupportedInterfaceOrientations_iPhone = "UIInterfaceOrientationPortrait UIInterfaceOrientationLandscapeLeft UIInterfaceOrientationLandscapeRight";
				LD_RUNPATH_SEARCH_PATHS = (
					"$(inherited)",
					"@executable_path/Frameworks",
				);
				MARKETING_VERSION = 1.0;
				PRODUCT_BUNDLE_IDENTIFIER = name.felixwang.WeatherSearchIOS;
				PRODUCT_NAME = "$(TARGET_NAME)";
				SWIFT_EMIT_LOC_STRINGS = YES;
				SWIFT_VERSION = 5.0;
				TARGETED_DEVICE_FAMILY = "1,2";
			};
			name = Debug;
		};
		FCA2F6F92D0729750067EF0F /* Release */ = {
			isa = XCBuildConfiguration;
			buildSettings = {
				ASSETCATALOG_COMPILER_APPICON_NAME = AppIcon;
				ASSETCATALOG_COMPILER_GLOBAL_ACCENT_COLOR_NAME = AccentColor;
				CODE_SIGN_STYLE = Automatic;
				CURRENT_PROJECT_VERSION = 1;
				DEVELOPMENT_ASSET_PATHS = "\"WeatherSearchIOS/Preview Content\"";
				ENABLE_PREVIEWS = YES;
				GENERATE_INFOPLIST_FILE = YES;
				INFOPLIST_KEY_UIApplicationSceneManifest_Generation = YES;
				INFOPLIST_KEY_UIApplicationSupportsIndirectInputEvents = YES;
				INFOPLIST_KEY_UILaunchScreen_Generation = YES;
				INFOPLIST_KEY_UISupportedInterfaceOrientations_iPad = "UIInterfaceOrientationPortrait UIInterfaceOrientationPortraitUpsideDown UIInterfaceOrientationLandscapeLeft UIInterfaceOrientationLandscapeRight";
				INFOPLIST_KEY_UISupportedInterfaceOrientations_iPhone = "UIInterfaceOrientationPortrait UIInterfaceOrientationLandscapeLeft UIInterfaceOrientationLandscapeRight";
				LD_RUNPATH_SEARCH_PATHS = (
					"$(inherited)",
					"@executable_path/Frameworks",
				);
				MARKETING_VERSION = 1.0;
				PRODUCT_BUNDLE_IDENTIFIER = name.felixwang.WeatherSearchIOS;
				PRODUCT_NAME = "$(TARGET_NAME)";
				SWIFT_EMIT_LOC_STRINGS = YES;
				SWIFT_VERSION = 5.0;
				TARGETED_DEVICE_FAMILY = "1,2";
			};
			name = Release;
		};
/* End XCBuildConfiguration section */

/* Begin XCConfigurationList section */
		FCA2F6E42D0729750067EF0F /* Build configuration list for PBXProject "WeatherSearchIOS" */ = {
			isa = XCConfigurationList;
			buildConfigurations = (
				FCA2F6F52D0729750067EF0F /* Debug */,
				FCA2F6F62D0729750067EF0F /* Release */,
			);
			defaultConfigurationIsVisible = 0;
			defaultConfigurationName = Release;
		};
		FCA2F6F72D0729750067EF0F /* Build configuration list for PBXNativeTarget "WeatherSearchIOS" */ = {
			isa = XCConfigurationList;
			buildConfigurations = (
				FCA2F6F82D0729750067EF0F /* Debug */,
				FCA2F6F92D0729750067EF0F /* Release */,
			);
			defaultConfigurationIsVisible = 0;
			defaultConfigurationName = Release;
		};
/* End XCConfigurationList section */

/* Begin XCRemoteSwiftPackageReference section */
		FCEF2EC72D0B98770088C1B5 /* XCRemoteSwiftPackageReference "Alamofire" */ = {
			isa = XCRemoteSwiftPackageReference;
			repositoryURL = "https://github.com/Alamofire/Alamofire.git";
			requirement = {
				kind = upToNextMajorVersion;
				minimumVersion = 5.10.2;
			};
		};
		FCEF2ECC2D0B98830088C1B5 /* XCRemoteSwiftPackageReference "SwiftSpinner" */ = {
			isa = XCRemoteSwiftPackageReference;
			repositoryURL = "https://github.com/icanzilb/SwiftSpinner.git";
			requirement = {
				kind = upToNextMajorVersion;
				minimumVersion = 2.2.0;
			};
		};
		FCEF2ECF2D0B988F0088C1B5 /* XCRemoteSwiftPackageReference "Toast-Swift" */ = {
			isa = XCRemoteSwiftPackageReference;
			repositoryURL = "https://github.com/scalessec/Toast-Swift.git";
			requirement = {
				kind = upToNextMajorVersion;
				minimumVersion = 5.1.1;
			};
		};
		FCEF2ED22D0B98960088C1B5 /* XCRemoteSwiftPackageReference "SwiftyJSON" */ = {
			isa = XCRemoteSwiftPackageReference;
			repositoryURL = "https://github.com/SwiftyJSON/SwiftyJSON";
			requirement = {
				kind = upToNextMajorVersion;
				minimumVersion = 5.0.2;
			};
		};
/* End XCRemoteSwiftPackageReference section */

/* Begin XCSwiftPackageProductDependency section */
		FCEF2EC82D0B98770088C1B5 /* Alamofire */ = {
			isa = XCSwiftPackageProductDependency;
			package = FCEF2EC72D0B98770088C1B5 /* XCRemoteSwiftPackageReference "Alamofire" */;
			productName = Alamofire;
		};
		FCEF2ECA2D0B98770088C1B5 /* AlamofireDynamic */ = {
			isa = XCSwiftPackageProductDependency;
			package = FCEF2EC72D0B98770088C1B5 /* XCRemoteSwiftPackageReference "Alamofire" */;
			productName = AlamofireDynamic;
		};
		FCEF2ECD2D0B98830088C1B5 /* SwiftSpinner */ = {
			isa = XCSwiftPackageProductDependency;
			package = FCEF2ECC2D0B98830088C1B5 /* XCRemoteSwiftPackageReference "SwiftSpinner" */;
			productName = SwiftSpinner;
		};
		FCEF2ED02D0B988F0088C1B5 /* Toast */ = {
			isa = XCSwiftPackageProductDependency;
			package = FCEF2ECF2D0B988F0088C1B5 /* XCRemoteSwiftPackageReference "Toast-Swift" */;
			productName = Toast;
		};
		FCEF2ED32D0B98960088C1B5 /* SwiftyJSON */ = {
			isa = XCSwiftPackageProductDependency;
			package = FCEF2ED22D0B98960088C1B5 /* XCRemoteSwiftPackageReference "SwiftyJSON" */;
			productName = SwiftyJSON;
		};
/* End XCSwiftPackageProductDependency section */
	};
	rootObject = FCA2F6E12D0729750067EF0F /* Project object */;
}
